
Microsoft Visual Studio Solution File, Format Version 12.00
# Visual Studio Version 17
VisualStudioVersion = 17.3.32922.545
MinimumVisualStudioVersion = 10.0.40219.1
Project("{FAE04EC0-301F-11D3-BF4B-00C04F79EFBC}") = "TjuvOPolisTest", "TjuvOPolisTest\TjuvOPolisTest.csproj", "{9CB32FD5-724D-48D2-BD71-394AB7DDD470}"
EndProject
Global
	GlobalSection(SolutionConfigurationPlatforms) = preSolution
		Debug|Any CPU = Debug|Any CPU
		Release|Any CPU = Release|Any CPU
	EndGlobalSection
	GlobalSection(ProjectConfigurationPlatforms) = postSolution
		{9CB32FD5-724D-48D2-BD71-394AB7DDD470}.Debug|Any CPU.ActiveCfg = Debug|Any CPU
		{9CB32FD5-724D-48D2-BD71-394AB7DDD470}.Debug|Any CPU.Build.0 = Debug|Any CPU
		{9CB32FD5-724D-48D2-BD71-394AB7DDD470}.Release|Any CPU.ActiveCfg = Release|Any CPU
		{9CB32FD5-724D-48D2-BD71-394AB7DDD470}.Release|Any CPU.Build.0 = Release|Any CPU
	EndGlobalSection
	GlobalSection(SolutionProperties) = preSolution
		HideSolutionNode = FALSE
	EndGlobalSection
	GlobalSection(ExtensibilityGlobals) = postSolution
		SolutionGuid = {601CCF23-0436-4FA1-A1B3-CEBB4418BB8D}
	EndGlobalSection
EndGlobal
